<Solution>
  <Project Path="ADOPM2_02_01\ADOPM2_02_01.csproj" />
  <Project Path="ADOPM2_02_02\ADOPM2_02_02.csproj" />
  <Project Path="ADOPM2_02_03\ADOPM2_02_03.csproj" />
  <Project Path="ADOPM2_02_04\ADOPM2_02_04.csproj" />
  <Project Path="ADOPM2_02_05\ADOPM2_02_05.csproj" />
  <Project Path="ADOPM2_02_06\ADOPM2_02_06.csproj" />
  <Project Path="ADOPM2_02_07\ADOPM2_02_07.csproj" />
  <Project Path="ADOPM2_02_08\ADOPM2_02_08.csproj" />
</Solution>
